
Microsoft Visual Studio Solution File, Format Version 12.00
# Visual Studio Version 17
VisualStudioVersion = 17.8.34302.71
MinimumVisualStudioVersion = 10.0.40219.1
Project("{FAE04EC0-301F-11D3-BF4B-00C04F79EFBC}") = "PythonLangchainDemo", "PythonLangchainDemo\PythonLangchainDemo.csproj", "{35BF6CEE-A071-43A7-86B8-2F77A1AD693D}"
EndProject
Project("{FAE04EC0-301F-11D3-BF4B-00C04F79EFBC}") = "BankScoringWithJavonetDemo", "BankScoringWithJavonetDemo\BankScoringWithJavonetDemo.csproj", "{04BAEAA6-A608-42B5-959A-B23C0980FB8B}"
EndProject
Global
	GlobalSection(SolutionConfigurationPlatforms) = preSolution
		Debug|Any CPU = Debug|Any CPU
		Release|Any CPU = Release|Any CPU
	EndGlobalSection
	GlobalSection(ProjectConfigurationPlatforms) = postSolution
		{35BF6CEE-A071-43A7-86B8-2F77A1AD693D}.Debug|Any CPU.ActiveCfg = Debug|Any CPU
		{35BF6CEE-A071-43A7-86B8-2F77A1AD693D}.Debug|Any CPU.Build.0 = Debug|Any CPU
		{35BF6CEE-A071-43A7-86B8-2F77A1AD693D}.Release|Any CPU.ActiveCfg = Release|Any CPU
		{35BF6CEE-A071-43A7-86B8-2F77A1AD693D}.Release|Any CPU.Build.0 = Release|Any CPU
		{04BAEAA6-A608-42B5-959A-B23C0980FB8B}.Debug|Any CPU.ActiveCfg = Debug|Any CPU
		{04BAEAA6-A608-42B5-959A-B23C0980FB8B}.Debug|Any CPU.Build.0 = Debug|Any CPU
		{04BAEAA6-A608-42B5-959A-B23C0980FB8B}.Release|Any CPU.ActiveCfg = Release|Any CPU
		{04BAEAA6-A608-42B5-959A-B23C0980FB8B}.Release|Any CPU.Build.0 = Release|Any CPU
	EndGlobalSection
	GlobalSection(SolutionProperties) = preSolution
		HideSolutionNode = FALSE
	EndGlobalSection
	GlobalSection(ExtensibilityGlobals) = postSolution
		SolutionGuid = {D8698C00-882F-4B1F-BA01-1EA0739DCB03}
	EndGlobalSection
EndGlobal
